
Microsoft Visual Studio Solution File, Format Version 12.00
# Visual Studio 15
VisualStudioVersion = 15.0.28307.2092
MinimumVisualStudioVersion = 10.0.40219.1
Project("{FAE04EC0-301F-11D3-BF4B-00C04F79EFBC}") = "Projeto2_2DS3", "Projeto2_2DS3\Projeto2_2DS3.csproj", "{689350F1-AEA1-4CFE-87CA-301F45547778}"
EndProject
Global
	GlobalSection(SolutionConfigurationPlatforms) = preSolution
		Debug|Any CPU = Debug|Any CPU
		Release|Any CPU = Release|Any CPU
	EndGlobalSection
	GlobalSection(ProjectConfigurationPlatforms) = postSolution
		{689350F1-AEA1-4CFE-87CA-301F45547778}.Debug|Any CPU.ActiveCfg = Debug|Any CPU
		{689350F1-AEA1-4CFE-87CA-301F45547778}.Debug|Any CPU.Build.0 = Debug|Any CPU
		{689350F1-AEA1-4CFE-87CA-301F45547778}.Release|Any CPU.ActiveCfg = Release|Any CPU
		{689350F1-AEA1-4CFE-87CA-301F45547778}.Release|Any CPU.Build.0 = Release|Any CPU
	EndGlobalSection
	GlobalSection(SolutionProperties) = preSolution
		HideSolutionNode = FALSE
	EndGlobalSection
	GlobalSection(ExtensibilityGlobals) = postSolution
		SolutionGuid = {0C0E25EC-F99C-4757-B2F7-C6084D4C40B4}
	EndGlobalSection
EndGlobal
